
Microsoft Visual Studio Solution File, Format Version 12.00
# Visual Studio Version 16
VisualStudioVersion = 16.0.30406.217
MinimumVisualStudioVersion = 10.0.40219.1
Project("{FAE04EC0-301F-11D3-BF4B-00C04F79EFBC}") = "Kwik-E-Notes", "Kwik-E-Notes.csproj", "{282B4E18-37B9-47B1-BDE3-884DBD5CB57E}"
EndProject
Global
	GlobalSection(SolutionConfigurationPlatforms) = preSolution
		Debug|Any CPU = Debug|Any CPU
		Release|Any CPU = Release|Any CPU
	EndGlobalSection
	GlobalSection(ProjectConfigurationPlatforms) = postSolution
		{282B4E18-37B9-47B1-BDE3-884DBD5CB57E}.Debug|Any CPU.ActiveCfg = Debug|Any CPU
		{282B4E18-37B9-47B1-BDE3-884DBD5CB57E}.Debug|Any CPU.Build.0 = Debug|Any CPU
		{282B4E18-37B9-47B1-BDE3-884DBD5CB57E}.Release|Any CPU.ActiveCfg = Release|Any CPU
		{282B4E18-37B9-47B1-BDE3-884DBD5CB57E}.Release|Any CPU.Build.0 = Release|Any CPU
	EndGlobalSection
	GlobalSection(SolutionProperties) = preSolution
		HideSolutionNode = FALSE
	EndGlobalSection
	GlobalSection(ExtensibilityGlobals) = postSolution
		SolutionGuid = {37412D8E-1D55-4925-B703-11AEC1F5F79D}
	EndGlobalSection
EndGlobal
